
Microsoft Visual Studio Solution File, Format Version 12.00
# Visual Studio 15
VisualStudioVersion = 15.0.28307.1022
MinimumVisualStudioVersion = 10.0.40219.1
Project("{FAE04EC0-301F-11D3-BF4B-00C04F79EFBC}") = "Damas", "Damas\Damas.csproj", "{2FD1C2E6-83E8-4AB1-8B3D-DF9994CE5E4A}"
EndProject
Global
	GlobalSection(SolutionConfigurationPlatforms) = preSolution
		Debug|Any CPU = Debug|Any CPU
		Release|Any CPU = Release|Any CPU
	EndGlobalSection
	GlobalSection(ProjectConfigurationPlatforms) = postSolution
		{2FD1C2E6-83E8-4AB1-8B3D-DF9994CE5E4A}.Debug|Any CPU.ActiveCfg = Debug|Any CPU
		{2FD1C2E6-83E8-4AB1-8B3D-DF9994CE5E4A}.Debug|Any CPU.Build.0 = Debug|Any CPU
		{2FD1C2E6-83E8-4AB1-8B3D-DF9994CE5E4A}.Release|Any CPU.ActiveCfg = Release|Any CPU
		{2FD1C2E6-83E8-4AB1-8B3D-DF9994CE5E4A}.Release|Any CPU.Build.0 = Release|Any CPU
	EndGlobalSection
	GlobalSection(SolutionProperties) = preSolution
		HideSolutionNode = FALSE
	EndGlobalSection
	GlobalSection(ExtensibilityGlobals) = postSolution
		SolutionGuid = {04EF7DE8-59D7-4EC5-A569-A412D34BDD10}
	EndGlobalSection
EndGlobal
